{
  "name": "my-first-tod-css",
  "version": "3.0.2",
  "lockfileVersion": 3,
  "requires": true,
  "packages": {
    "": {
      "name": "my-first-tod-css",
      "version": "3.0.2",
      "license": "Apache-2.0",
      "dependencies": {
        "my-first-tod-css": "^3.0.2"
      }
    },
    "node_modules/my-first-tod-css": {
      "version": "3.0.2",
      "resolved": "https://registry.npmjs.org/my-first-tod-css/-/my-first-tod-css-3.0.2.tgz",
      "integrity": "sha512-U/2KGN/mK1t3yatvRyudBq1dX7bumI7qh17Py3RHFYno3nbD06+S0iDNutPMqSurQh6w51a6Tv0DJFwAeCeVUg==",
      "license": "Apache-2.0"
    }
  }
}
